
Microsoft Visual Studio Solution File, Format Version 12.00
# Visual Studio Version 17
VisualStudioVersion = 17.11.35431.28
MinimumVisualStudioVersion = 10.0.40219.1
Project("{FAE04EC0-301F-11D3-BF4B-00C04F79EFBC}") = "LubricantStorage.API", "LubricantStorage.API\LubricantStorage.API.csproj", "{862B8ED1-DDC5-4658-9A6B-11389B9A9317}"
EndProject
Project("{FAE04EC0-301F-11D3-BF4B-00C04F79EFBC}") = "LubricantStorage.UI.Winforms", "LubricantStorage.UI.Winforms\LubricantStorage.UI.Winforms.csproj", "{42E7AC6E-5CC8-45CF-9927-BC76329CC8B5}"
EndProject
Project("{FAE04EC0-301F-11D3-BF4B-00C04F79EFBC}") = "LubricantStorage.Core", "LubricantStorage.Core\LubricantStorage.Core.csproj", "{98FB95C4-83BA-42D9-8306-10EBB7F30ECB}"
EndProject
Project("{FAE04EC0-301F-11D3-BF4B-00C04F79EFBC}") = "LubricantStorage.Infrastructure", "LubricantStorage.Infrastructure\LubricantStorage.Infrastructure.csproj", "{261FCAC5-E695-4391-BADE-ED1FFF087434}"
EndProject
Project("{E53339B2-1760-4266-BCC7-CA923CBCF16C}") = "docker-compose", "docker-compose.dcproj", "{81DDED9D-158B-E303-5F62-77A2896D2A5A}"
EndProject
Project("{FAE04EC0-301F-11D3-BF4B-00C04F79EFBC}") = "LubricantStorage.UI.Web", "LubricantStorage.UI.Web\LubricantStorage.UI.Web.csproj", "{5A4C9D6A-F11C-4F2C-B9C4-6CEC2A552D7F}"
EndProject
Global
	GlobalSection(SolutionConfigurationPlatforms) = preSolution
		Debug|Any CPU = Debug|Any CPU
		Release|Any CPU = Release|Any CPU
	EndGlobalSection
	GlobalSection(ProjectConfigurationPlatforms) = postSolution
		{862B8ED1-DDC5-4658-9A6B-11389B9A9317}.Debug|Any CPU.ActiveCfg = Debug|Any CPU
		{862B8ED1-DDC5-4658-9A6B-11389B9A9317}.Debug|Any CPU.Build.0 = Debug|Any CPU
		{862B8ED1-DDC5-4658-9A6B-11389B9A9317}.Release|Any CPU.ActiveCfg = Release|Any CPU
		{862B8ED1-DDC5-4658-9A6B-11389B9A9317}.Release|Any CPU.Build.0 = Release|Any CPU
		{42E7AC6E-5CC8-45CF-9927-BC76329CC8B5}.Debug|Any CPU.ActiveCfg = Debug|Any CPU
		{42E7AC6E-5CC8-45CF-9927-BC76329CC8B5}.Debug|Any CPU.Build.0 = Debug|Any CPU
		{42E7AC6E-5CC8-45CF-9927-BC76329CC8B5}.Release|Any CPU.ActiveCfg = Release|Any CPU
		{42E7AC6E-5CC8-45CF-9927-BC76329CC8B5}.Release|Any CPU.Build.0 = Release|Any CPU
		{98FB95C4-83BA-42D9-8306-10EBB7F30ECB}.Debug|Any CPU.ActiveCfg = Debug|Any CPU
		{98FB95C4-83BA-42D9-8306-10EBB7F30ECB}.Debug|Any CPU.Build.0 = Debug|Any CPU
		{98FB95C4-83BA-42D9-8306-10EBB7F30ECB}.Release|Any CPU.ActiveCfg = Release|Any CPU
		{98FB95C4-83BA-42D9-8306-10EBB7F30ECB}.Release|Any CPU.Build.0 = Release|Any CPU
		{261FCAC5-E695-4391-BADE-ED1FFF087434}.Debug|Any CPU.ActiveCfg = Debug|Any CPU
		{261FCAC5-E695-4391-BADE-ED1FFF087434}.Debug|Any CPU.Build.0 = Debug|Any CPU
		{261FCAC5-E695-4391-BADE-ED1FFF087434}.Release|Any CPU.ActiveCfg = Release|Any CPU
		{261FCAC5-E695-4391-BADE-ED1FFF087434}.Release|Any CPU.Build.0 = Release|Any CPU
		{81DDED9D-158B-E303-5F62-77A2896D2A5A}.Debug|Any CPU.ActiveCfg = Debug|Any CPU
		{81DDED9D-158B-E303-5F62-77A2896D2A5A}.Debug|Any CPU.Build.0 = Debug|Any CPU
		{81DDED9D-158B-E303-5F62-77A2896D2A5A}.Release|Any CPU.ActiveCfg = Release|Any CPU
		{81DDED9D-158B-E303-5F62-77A2896D2A5A}.Release|Any CPU.Build.0 = Release|Any CPU
		{5A4C9D6A-F11C-4F2C-B9C4-6CEC2A552D7F}.Debug|Any CPU.ActiveCfg = Debug|Any CPU
		{5A4C9D6A-F11C-4F2C-B9C4-6CEC2A552D7F}.Debug|Any CPU.Build.0 = Debug|Any CPU
		{5A4C9D6A-F11C-4F2C-B9C4-6CEC2A552D7F}.Release|Any CPU.ActiveCfg = Release|Any CPU
		{5A4C9D6A-F11C-4F2C-B9C4-6CEC2A552D7F}.Release|Any CPU.Build.0 = Release|Any CPU
	EndGlobalSection
	GlobalSection(SolutionProperties) = preSolution
		HideSolutionNode = FALSE
	EndGlobalSection
	GlobalSection(ExtensibilityGlobals) = postSolution
		SolutionGuid = {1AC6B5E3-3C3F-4F3A-B0D0-F370BF8EE44B}
	EndGlobalSection
EndGlobal
